// !$*UTF8*$!
{
	archiveVersion = 1;
	classes = {
	};
	objectVersion = 48;
	objects = {

/* Begin PBXBuildFile section */
		100763C22041B106005093C5 /* Constraints.swift in Sources */ = {isa = PBXBuildFile; fileRef = 100763C12041B106005093C5 /* Constraints.swift */; };
		1011FAE02075BF3800468D82 /* DateExtensions.swift in Sources */ = {isa = PBXBuildFile; fileRef = 1011FADF2075BF3800468D82 /* DateExtensions.swift */; };
		103399162061DFE000E105EC /* DictionaryExtensions.swift in Sources */ = {isa = PBXBuildFile; fileRef = 103399152061DFE000E105EC /* DictionaryExtensions.swift */; };
		106EAD9F2062E97C008E41B0 /* SDWebImageHelper.swift in Sources */ = {isa = PBXBuildFile; fileRef = 106EAD9E2062E97C008E41B0 /* SDWebImageHelper.swift */; };
		10863A4E203FD57800FA851B /* UIColorExtensions.swift in Sources */ = {isa = PBXBuildFile; fileRef = 10863A4D203FD57800FA851B /* UIColorExtensions.swift */; };
		1091E1F4203E838500C282BA /* AppDelegate.swift in Sources */ = {isa = PBXBuildFile; fileRef = 1091E1F3203E838500C282BA /* AppDelegate.swift */; };
		1091E1F6203E838500C282BA /* LoginViewController.swift in Sources */ = {isa = PBXBuildFile; fileRef = 1091E1F5203E838500C282BA /* LoginViewController.swift */; };
		1091E1F9203E838500C282BA /* Main.storyboard in Resources */ = {isa = PBXBuildFile; fileRef = 1091E1F7203E838500C282BA /* Main.storyboard */; };
		1091E1FB203E838500C282BA /* Assets.xcassets in Resources */ = {isa = PBXBuildFile; fileRef = 1091E1FA203E838500C282BA /* Assets.xcassets */; };
		1091E1FE203E838500C282BA /* LaunchScreen.storyboard in Resources */ = {isa = PBXBuildFile; fileRef = 1091E1FC203E838500C282BA /* LaunchScreen.storyboard */; };
		1091E209203E838500C282BA /* PrismTests.swift in Sources */ = {isa = PBXBuildFile; fileRef = 1091E208203E838500C282BA /* PrismTests.swift */; };
		1091E214203E838500C282BA /* PrismUITests.swift in Sources */ = {isa = PBXBuildFile; fileRef = 1091E213203E838500C282BA /* PrismUITests.swift */; };
		10ADF6B72050D30B00060A19 /* PrismPostCollectionView.swift in Sources */ = {isa = PBXBuildFile; fileRef = 10ADF6B42050D30A00060A19 /* PrismPostCollectionView.swift */; };
		10ADF6B82050D30B00060A19 /* PrismPostCollectionViewCell.swift in Sources */ = {isa = PBXBuildFile; fileRef = 10ADF6B52050D30B00060A19 /* PrismPostCollectionViewCell.swift */; };
		10ADF6B92050D30B00060A19 /* ImageMenuCell.swift in Sources */ = {isa = PBXBuildFile; fileRef = 10ADF6B62050D30B00060A19 /* ImageMenuCell.swift */; };
		10ADF6BD2050D33500060A19 /* MainViewMenuBar.swift in Sources */ = {isa = PBXBuildFile; fileRef = 10ADF6BB2050D33500060A19 /* MainViewMenuBar.swift */; };
		10ADF6BE2050D33500060A19 /* NavigationBar.swift in Sources */ = {isa = PBXBuildFile; fileRef = 10ADF6BC2050D33500060A19 /* NavigationBar.swift */; };
		10ADF6C12050D36000060A19 /* UIViewControllerExtensions.swift in Sources */ = {isa = PBXBuildFile; fileRef = 10ADF6BF2050D36000060A19 /* UIViewControllerExtensions.swift */; };
		10ADF6C22050D36000060A19 /* UIViewExtensions.swift in Sources */ = {isa = PBXBuildFile; fileRef = 10ADF6C02050D36000060A19 /* UIViewExtensions.swift */; };
		10ADF6C42050D52000060A19 /* MainViewController.swift in Sources */ = {isa = PBXBuildFile; fileRef = 10ADF6C32050D52000060A19 /* MainViewController.swift */; };
		10E3F557204659DF00C82F3F /* RegisterViewController.swift in Sources */ = {isa = PBXBuildFile; fileRef = 10E3F556204659DF00C82F3F /* RegisterViewController.swift */; };
		10E3F55B204659EF00C82F3F /* ScreenType.swift in Sources */ = {isa = PBXBuildFile; fileRef = 10E3F558204659EE00C82F3F /* ScreenType.swift */; };
		10E3F55C204659EF00C82F3F /* Icons.swift in Sources */ = {isa = PBXBuildFile; fileRef = 10E3F559204659EE00C82F3F /* Icons.swift */; };
		10E3F55D204659EF00C82F3F /* Colors.swift in Sources */ = {isa = PBXBuildFile; fileRef = 10E3F55A204659EE00C82F3F /* Colors.swift */; };
		10FCD82A205F03E8001E0C1F /* DefaultProfilePicture.swift in Sources */ = {isa = PBXBuildFile; fileRef = 10FCD829205F03E8001E0C1F /* DefaultProfilePicture.swift */; };
		192E40D5CF4CC660CDDA1106 /* PrismPostDetailViewController.swift in Sources */ = {isa = PBXBuildFile; fileRef = 192E4428ECFDAD48433B65F0 /* PrismPostDetailViewController.swift */; };
		192E40E74CF1F2D5D23C3973 /* CustomAlertDialog.swift in Sources */ = {isa = PBXBuildFile; fileRef = 192E4F6AC9507CE9A7BC635B /* CustomAlertDialog.swift */; };
		192E410D9F27B1D4982139A3 /* ZoomTransitioningDelegate.swift in Sources */ = {isa = PBXBuildFile; fileRef = 192E4790320085376751F7F1 /* ZoomTransitioningDelegate.swift */; };
		192E413E1DF0AAD825A95ADA /* ProfileViewMenuBar.swift in Sources */ = {isa = PBXBuildFile; fileRef = 192E44A288763762AEF945E3 /* ProfileViewMenuBar.swift */; };
		192E41801618B460A2483C95 /* CustomImageView.swift in Sources */ = {isa = PBXBuildFile; fileRef = 192E4678BF58B239D159B832 /* CustomImageView.swift */; };
		192E41EA51FFD6B9BDCA49C0 /* PrismPostConstraints.swift in Sources */ = {isa = PBXBuildFile; fileRef = 192E49ADF8D50296D952D15A /* PrismPostConstraints.swift */; };
		192E43E16641725F17286B02 /* StringExtensions.swift in Sources */ = {isa = PBXBuildFile; fileRef = 192E4A2EEA660D591ABB6BF5 /* StringExtensions.swift */; };
		192E444369483DDCA493D9EE /* SourceSansPro-ExtraLightItalic.ttf in Resources */ = {isa = PBXBuildFile; fileRef = 192E4ADF0691EB861FEF75CC /* SourceSansPro-ExtraLightItalic.ttf */; };
		192E4469FD1C0A2665468104 /* DatabaseAction.swift in Sources */ = {isa = PBXBuildFile; fileRef = 192E406B8694AA1A663C7AFC /* DatabaseAction.swift */; };
		192E45372B217FEC45396FA1 /* SourceSansPro-LightItalic.ttf in Resources */ = {isa = PBXBuildFile; fileRef = 192E415BB6B17C9CAD645A35 /* SourceSansPro-LightItalic.ttf */; };
		192E45D558BE8D77CD229474 /* SourceSansPro-Bold.ttf in Resources */ = {isa = PBXBuildFile; fileRef = 192E4C8E96540636CAE6AD84 /* SourceSansPro-Bold.ttf */; };
		192E466F9293E456DD8343AA /* SourceSansPro-BoldItalic.ttf in Resources */ = {isa = PBXBuildFile; fileRef = 192E4EA191A9993B7264943D /* SourceSansPro-BoldItalic.ttf */; };
		192E46F6E9010871CC620850 /* SourceSansPro-SemiBoldItalic.ttf in Resources */ = {isa = PBXBuildFile; fileRef = 192E43DB60F9297C696B69CB /* SourceSansPro-SemiBoldItalic.ttf */; };
		192E471389C6ED6C0578FCB0 /* ProfileViewController.swift in Sources */ = {isa = PBXBuildFile; fileRef = 192E4E71BDD094785EA8DE44 /* ProfileViewController.swift */; };
		192E475921D261AF8321C298 /* MoreDialog.swift in Sources */ = {isa = PBXBuildFile; fileRef = 192E4A2B1DDAB32382236D47 /* MoreDialog.swift */; };
		192E479FAC15A1B6A5C0CF65 /* GoogleService-Info.plist in Resources */ = {isa = PBXBuildFile; fileRef = 192E4711142E676DC6844EDA /* GoogleService-Info.plist */; };
		192E47E0598F66F7AD536BBA /* SourceSansPro-SemiBold.ttf in Resources */ = {isa = PBXBuildFile; fileRef = 192E471F840E5BCA85CB7636 /* SourceSansPro-SemiBold.ttf */; };
		192E486C5979A78CFA444475 /* SourceSansPro-BlackItalic.ttf in Resources */ = {isa = PBXBuildFile; fileRef = 192E434357C28B01BB584205 /* SourceSansPro-BlackItalic.ttf */; };
		192E498270A225491FAA2348 /* SourceSansFont.swift in Sources */ = {isa = PBXBuildFile; fileRef = 192E425BFCAA5B6FADA5E03E /* SourceSansFont.swift */; };
		192E49DC424B564645CE2595 /* SourceSansPro-Light.ttf in Resources */ = {isa = PBXBuildFile; fileRef = 192E450879EF8422616E9AC4 /* SourceSansPro-Light.ttf */; };
		192E4BC9144D9996A413E0B1 /* SourceSansPro-Italic.ttf in Resources */ = {isa = PBXBuildFile; fileRef = 192E428DE079C705C6F67318 /* SourceSansPro-Italic.ttf */; };
		192E4C1277313C3406F4FD11 /* LabelMenuCell.swift in Sources */ = {isa = PBXBuildFile; fileRef = 192E4E032ABD9200A979DE31 /* LabelMenuCell.swift */; };
		192E4C28371F6F44578037B4 /* ImageManager.swift in Sources */ = {isa = PBXBuildFile; fileRef = 192E40A7ADA16934A87DB9F3 /* ImageManager.swift */; };
		192E4C5C32E548D8A1404DE8 /* SourceSansPro-Regular.ttf in Resources */ = {isa = PBXBuildFile; fileRef = 192E4739330EC657C54F1CA3 /* SourceSansPro-Regular.ttf */; };
		192E4CC779FDE90E5A79EA59 /* SourceSansPro-ExtraLight.ttf in Resources */ = {isa = PBXBuildFile; fileRef = 192E4518D6E1CA9CCD6A4601 /* SourceSansPro-ExtraLight.ttf */; };
		192E4F667F2E072C92449A06 /* SourceSansPro-Black.ttf in Resources */ = {isa = PBXBuildFile; fileRef = 192E4231D1CE746671DB8351 /* SourceSansPro-Black.ttf */; };
		4F4A1809204381C6002DAA54 /* MyUser.swift in Sources */ = {isa = PBXBuildFile; fileRef = 4F4A1808204381C6002DAA54 /* MyUser.swift */; };
		4F8A41B42076904200E65E01 /* SettingsCollectionView.swift in Sources */ = {isa = PBXBuildFile; fileRef = 4F8A41B32076904200E65E01 /* SettingsCollectionView.swift */; };
		4F9C95812050C5A800C08C9E /* Key.swift in Sources */ = {isa = PBXBuildFile; fileRef = 4F9C95802050C5A800C08C9E /* Key.swift */; };
		4F9C95832050CBC700C08C9E /* Default.swift in Sources */ = {isa = PBXBuildFile; fileRef = 4F9C95822050CBC700C08C9E /* Default.swift */; };
		4F9C95852050D5BF00C08C9E /* MyTimeUnit.swift in Sources */ = {isa = PBXBuildFile; fileRef = 4F9C95842050D5BF00C08C9E /* MyTimeUnit.swift */; };
		4F9C958A2050D6F400C08C9E /* PrismPost.swift in Sources */ = {isa = PBXBuildFile; fileRef = 4F9C95872050D6F400C08C9E /* PrismPost.swift */; };
		4F9C958B2050D6F400C08C9E /* PrismUser.swift in Sources */ = {isa = PBXBuildFile; fileRef = 4F9C95882050D6F400C08C9E /* PrismUser.swift */; };
		4F9C958C2050D6F400C08C9E /* ProfilePicture.swift in Sources */ = {isa = PBXBuildFile; fileRef = 4F9C95892050D6F400C08C9E /* ProfilePicture.swift */; };
		4F9C958E2050D70900C08C9E /* CurrentUser.swift in Sources */ = {isa = PBXBuildFile; fileRef = 4F9C958D2050D70900C08C9E /* CurrentUser.swift */; };
		4F9C95902050D71C00C08C9E /* Helper.swift in Sources */ = {isa = PBXBuildFile; fileRef = 4F9C958F2050D71C00C08C9E /* Helper.swift */; };
		4FA4E4372094119B0062F380 /* SettingsTableViewCell.swift in Sources */ = {isa = PBXBuildFile; fileRef = 4FA4E4362094119B0062F380 /* SettingsTableViewCell.swift */; };
		68027A98BF11F075EE0D168F /* Pods_PrismUITests.framework in Frameworks */ = {isa = PBXBuildFile; fileRef = 7BDFE7215CD5E190950B491B /* Pods_PrismUITests.framework */; };
		BCB811FC130209F7BEAA5342 /* Pods_Prism.framework in Frameworks */ = {isa = PBXBuildFile; fileRef = 3644F339173237F42FBC0459 /* Pods_Prism.framework */; };
		C1486B8044EB40DAD581D5B1 /* Pods_PrismTests.framework in Frameworks */ = {isa = PBXBuildFile; fileRef = AD8C3AF1BF3E179192CC9D1B /* Pods_PrismTests.framework */; };
/* End PBXBuildFile section */

/* Begin PBXContainerItemProxy section */
		1091E205203E838500C282BA /* PBXContainerItemProxy */ = {
			isa = PBXContainerItemProxy;
			containerPortal = 1091E1E8203E838500C282BA /* Project object */;
			proxyType = 1;
			remoteGlobalIDString = 1091E1EF203E838500C282BA;
			remoteInfo = Prism;
		};
		1091E210203E838500C282BA /* PBXContainerItemProxy */ = {
			isa = PBXContainerItemProxy;
			containerPortal = 1091E1E8203E838500C282BA /* Project object */;
			proxyType = 1;
			remoteGlobalIDString = 1091E1EF203E838500C282BA;
			remoteInfo = Prism;
		};
/* End PBXContainerItemProxy section */

/* Begin PBXFileReference section */
		100763C12041B106005093C5 /* Constraints.swift */ = {isa = PBXFileReference; lastKnownFileType = sourcecode.swift; path = Constraints.swift; sourceTree = "<group>"; };
		1011FADF2075BF3800468D82 /* DateExtensions.swift */ = {isa = PBXFileReference; lastKnownFileType = sourcecode.swift; path = DateExtensions.swift; sourceTree = "<group>"; };
		103399152061DFE000E105EC /* DictionaryExtensions.swift */ = {isa = PBXFileReference; lastKnownFileType = sourcecode.swift; path = DictionaryExtensions.swift; sourceTree = "<group>"; };
		106EAD9E2062E97C008E41B0 /* SDWebImageHelper.swift */ = {isa = PBXFileReference; lastKnownFileType = sourcecode.swift; path = SDWebImageHelper.swift; sourceTree = "<group>"; };
		10863A4D203FD57800FA851B /* UIColorExtensions.swift */ = {isa = PBXFileReference; lastKnownFileType = sourcecode.swift; path = UIColorExtensions.swift; sourceTree = "<group>"; };
		1091E1F0203E838500C282BA /* Prism.app */ = {isa = PBXFileReference; explicitFileType = wrapper.application; includeInIndex = 0; path = Prism.app; sourceTree = BUILT_PRODUCTS_DIR; };
		1091E1F3203E838500C282BA /* AppDelegate.swift */ = {isa = PBXFileReference; lastKnownFileType = sourcecode.swift; path = AppDelegate.swift; sourceTree = "<group>"; };
		1091E1F5203E838500C282BA /* LoginViewController.swift */ = {isa = PBXFileReference; lastKnownFileType = sourcecode.swift; path = LoginViewController.swift; sourceTree = "<group>"; };
		1091E1F8203E838500C282BA /* Base */ = {isa = PBXFileReference; lastKnownFileType = file.storyboard; name = Base; path = Base.lproj/Main.storyboard; sourceTree = "<group>"; };
		1091E1FA203E838500C282BA /* Assets.xcassets */ = {isa = PBXFileReference; lastKnownFileType = folder.assetcatalog; path = Assets.xcassets; sourceTree = "<group>"; };
		1091E1FD203E838500C282BA /* Base */ = {isa = PBXFileReference; lastKnownFileType = file.storyboard; name = Base; path = Base.lproj/LaunchScreen.storyboard; sourceTree = "<group>"; };
		1091E1FF203E838500C282BA /* Info.plist */ = {isa = PBXFileReference; lastKnownFileType = text.plist.xml; path = Info.plist; sourceTree = "<group>"; };
		1091E204203E838500C282BA /* PrismTests.xctest */ = {isa = PBXFileReference; explicitFileType = wrapper.cfbundle; includeInIndex = 0; path = PrismTests.xctest; sourceTree = BUILT_PRODUCTS_DIR; };
		1091E208203E838500C282BA /* PrismTests.swift */ = {isa = PBXFileReference; lastKnownFileType = sourcecode.swift; path = PrismTests.swift; sourceTree = "<group>"; };
		1091E20A203E838500C282BA /* Info.plist */ = {isa = PBXFileReference; lastKnownFileType = text.plist.xml; path = Info.plist; sourceTree = "<group>"; };
		1091E20F203E838500C282BA /* PrismUITests.xctest */ = {isa = PBXFileReference; explicitFileType = wrapper.cfbundle; includeInIndex = 0; path = PrismUITests.xctest; sourceTree = BUILT_PRODUCTS_DIR; };
		1091E213203E838500C282BA /* PrismUITests.swift */ = {isa = PBXFileReference; lastKnownFileType = sourcecode.swift; path = PrismUITests.swift; sourceTree = "<group>"; };
		1091E215203E838500C282BA /* Info.plist */ = {isa = PBXFileReference; lastKnownFileType = text.plist.xml; path = Info.plist; sourceTree = "<group>"; };
		10ADF6B42050D30A00060A19 /* PrismPostCollectionView.swift */ = {isa = PBXFileReference; fileEncoding = 4; lastKnownFileType = sourcecode.swift; name = PrismPostCollectionView.swift; path = Prism/CollectionViewCells/PrismPostCollectionView.swift; sourceTree = SOURCE_ROOT; };
		10ADF6B52050D30B00060A19 /* PrismPostCollectionViewCell.swift */ = {isa = PBXFileReference; fileEncoding = 4; lastKnownFileType = sourcecode.swift; name = PrismPostCollectionViewCell.swift; path = Prism/CollectionViewCells/PrismPostCollectionViewCell.swift; sourceTree = SOURCE_ROOT; };
		10ADF6B62050D30B00060A19 /* ImageMenuCell.swift */ = {isa = PBXFileReference; fileEncoding = 4; lastKnownFileType = sourcecode.swift; name = ImageMenuCell.swift; path = Prism/CollectionViewCells/ImageMenuCell.swift; sourceTree = SOURCE_ROOT; };
		10ADF6BB2050D33500060A19 /* MainViewMenuBar.swift */ = {isa = PBXFileReference; fileEncoding = 4; lastKnownFileType = sourcecode.swift; name = MainViewMenuBar.swift; path = Prism/CustomViews/MainViewMenuBar.swift; sourceTree = SOURCE_ROOT; };
		10ADF6BC2050D33500060A19 /* NavigationBar.swift */ = {isa = PBXFileReference; fileEncoding = 4; lastKnownFileType = sourcecode.swift; name = NavigationBar.swift; path = Prism/CustomViews/NavigationBar.swift; sourceTree = SOURCE_ROOT; };
		10ADF6BF2050D36000060A19 /* UIViewControllerExtensions.swift */ = {isa = PBXFileReference; fileEncoding = 4; lastKnownFileType = sourcecode.swift; path = UIViewControllerExtensions.swift; sourceTree = "<group>"; };
		10ADF6C02050D36000060A19 /* UIViewExtensions.swift */ = {isa = PBXFileReference; fileEncoding = 4; lastKnownFileType = sourcecode.swift; path = UIViewExtensions.swift; sourceTree = "<group>"; };
		10ADF6C32050D52000060A19 /* MainViewController.swift */ = {isa = PBXFileReference; fileEncoding = 4; lastKnownFileType = sourcecode.swift; path = MainViewController.swift; sourceTree = "<group>"; };
		10E3F556204659DF00C82F3F /* RegisterViewController.swift */ = {isa = PBXFileReference; fileEncoding = 4; lastKnownFileType = sourcecode.swift; path = RegisterViewController.swift; sourceTree = "<group>"; };
		10E3F558204659EE00C82F3F /* ScreenType.swift */ = {isa = PBXFileReference; fileEncoding = 4; lastKnownFileType = sourcecode.swift; path = ScreenType.swift; sourceTree = "<group>"; };
		10E3F559204659EE00C82F3F /* Icons.swift */ = {isa = PBXFileReference; fileEncoding = 4; lastKnownFileType = sourcecode.swift; path = Icons.swift; sourceTree = "<group>"; };
		10E3F55A204659EE00C82F3F /* Colors.swift */ = {isa = PBXFileReference; fileEncoding = 4; lastKnownFileType = sourcecode.swift; path = Colors.swift; sourceTree = "<group>"; };
		10FCD829205F03E8001E0C1F /* DefaultProfilePicture.swift */ = {isa = PBXFileReference; lastKnownFileType = sourcecode.swift; path = DefaultProfilePicture.swift; sourceTree = "<group>"; };
		192E406B8694AA1A663C7AFC /* DatabaseAction.swift */ = {isa = PBXFileReference; fileEncoding = 4; lastKnownFileType = sourcecode.swift; path = DatabaseAction.swift; sourceTree = "<group>"; };
		192E40A7ADA16934A87DB9F3 /* ImageManager.swift */ = {isa = PBXFileReference; fileEncoding = 4; lastKnownFileType = sourcecode.swift; path = ImageManager.swift; sourceTree = "<group>"; };
		192E415BB6B17C9CAD645A35 /* SourceSansPro-LightItalic.ttf */ = {isa = PBXFileReference; lastKnownFileType = file.ttf; path = "SourceSansPro-LightItalic.ttf"; sourceTree = "<group>"; };
		192E4231D1CE746671DB8351 /* SourceSansPro-Black.ttf */ = {isa = PBXFileReference; lastKnownFileType = file.ttf; path = "SourceSansPro-Black.ttf"; sourceTree = "<group>"; };
		192E425BFCAA5B6FADA5E03E /* SourceSansFont.swift */ = {isa = PBXFileReference; fileEncoding = 4; lastKnownFileType = sourcecode.swift; path = SourceSansFont.swift; sourceTree = "<group>"; };
		192E428DE079C705C6F67318 /* SourceSansPro-Italic.ttf */ = {isa = PBXFileReference; lastKnownFileType = file.ttf; path = "SourceSansPro-Italic.ttf"; sourceTree = "<group>"; };
		192E434357C28B01BB584205 /* SourceSansPro-BlackItalic.ttf */ = {isa = PBXFileReference; lastKnownFileType = file.ttf; path = "SourceSansPro-BlackItalic.ttf"; sourceTree = "<group>"; };
		192E43DB60F9297C696B69CB /* SourceSansPro-SemiBoldItalic.ttf */ = {isa = PBXFileReference; lastKnownFileType = file.ttf; path = "SourceSansPro-SemiBoldItalic.ttf"; sourceTree = "<group>"; };
		192E4428ECFDAD48433B65F0 /* PrismPostDetailViewController.swift */ = {isa = PBXFileReference; fileEncoding = 4; lastKnownFileType = sourcecode.swift; path = PrismPostDetailViewController.swift; sourceTree = "<group>"; };
		192E44A288763762AEF945E3 /* ProfileViewMenuBar.swift */ = {isa = PBXFileReference; fileEncoding = 4; lastKnownFileType = sourcecode.swift; path = ProfileViewMenuBar.swift; sourceTree = "<group>"; };
		192E450879EF8422616E9AC4 /* SourceSansPro-Light.ttf */ = {isa = PBXFileReference; lastKnownFileType = file.ttf; path = "SourceSansPro-Light.ttf"; sourceTree = "<group>"; };
		192E4518D6E1CA9CCD6A4601 /* SourceSansPro-ExtraLight.ttf */ = {isa = PBXFileReference; lastKnownFileType = file.ttf; path = "SourceSansPro-ExtraLight.ttf"; sourceTree = "<group>"; };
		192E4678BF58B239D159B832 /* CustomImageView.swift */ = {isa = PBXFileReference; fileEncoding = 4; lastKnownFileType = sourcecode.swift; path = CustomImageView.swift; sourceTree = "<group>"; };
		192E4711142E676DC6844EDA /* GoogleService-Info.plist */ = {isa = PBXFileReference; fileEncoding = 4; lastKnownFileType = text.plist.info; path = "GoogleService-Info.plist"; sourceTree = "<group>"; };
		192E471F840E5BCA85CB7636 /* SourceSansPro-SemiBold.ttf */ = {isa = PBXFileReference; lastKnownFileType = file.ttf; path = "SourceSansPro-SemiBold.ttf"; sourceTree = "<group>"; };
		192E4739330EC657C54F1CA3 /* SourceSansPro-Regular.ttf */ = {isa = PBXFileReference; lastKnownFileType = file.ttf; path = "SourceSansPro-Regular.ttf"; sourceTree = "<group>"; };
		192E4790320085376751F7F1 /* ZoomTransitioningDelegate.swift */ = {isa = PBXFileReference; fileEncoding = 4; lastKnownFileType = sourcecode.swift; path = ZoomTransitioningDelegate.swift; sourceTree = "<group>"; };
		192E49ADF8D50296D952D15A /* PrismPostConstraints.swift */ = {isa = PBXFileReference; fileEncoding = 4; lastKnownFileType = sourcecode.swift; path = PrismPostConstraints.swift; sourceTree = "<group>"; };
		192E4A2B1DDAB32382236D47 /* MoreDialog.swift */ = {isa = PBXFileReference; fileEncoding = 4; lastKnownFileType = sourcecode.swift; path = MoreDialog.swift; sourceTree = "<group>"; };
		192E4A2EEA660D591ABB6BF5 /* StringExtensions.swift */ = {isa = PBXFileReference; fileEncoding = 4; lastKnownFileType = sourcecode.swift; path = StringExtensions.swift; sourceTree = "<group>"; };
		192E4ADF0691EB861FEF75CC /* SourceSansPro-ExtraLightItalic.ttf */ = {isa = PBXFileReference; lastKnownFileType = file.ttf; path = "SourceSansPro-ExtraLightItalic.ttf"; sourceTree = "<group>"; };
		192E4C8E96540636CAE6AD84 /* SourceSansPro-Bold.ttf */ = {isa = PBXFileReference; lastKnownFileType = file.ttf; path = "SourceSansPro-Bold.ttf"; sourceTree = "<group>"; };
		192E4E032ABD9200A979DE31 /* LabelMenuCell.swift */ = {isa = PBXFileReference; fileEncoding = 4; lastKnownFileType = sourcecode.swift; path = LabelMenuCell.swift; sourceTree = "<group>"; };
		192E4E71BDD094785EA8DE44 /* ProfileViewController.swift */ = {isa = PBXFileReference; fileEncoding = 4; lastKnownFileType = sourcecode.swift; path = ProfileViewController.swift; sourceTree = "<group>"; };
		192E4EA191A9993B7264943D /* SourceSansPro-BoldItalic.ttf */ = {isa = PBXFileReference; lastKnownFileType = file.ttf; path = "SourceSansPro-BoldItalic.ttf"; sourceTree = "<group>"; };
		192E4F6AC9507CE9A7BC635B /* CustomAlertDialog.swift */ = {isa = PBXFileReference; fileEncoding = 4; lastKnownFileType = sourcecode.swift; path = CustomAlertDialog.swift; sourceTree = "<group>"; };
		3644F339173237F42FBC0459 /* Pods_Prism.framework */ = {isa = PBXFileReference; explicitFileType = wrapper.framework; includeInIndex = 0; path = Pods_Prism.framework; sourceTree = BUILT_PRODUCTS_DIR; };
		4F4A1808204381C6002DAA54 /* MyUser.swift */ = {isa = PBXFileReference; lastKnownFileType = sourcecode.swift; path = MyUser.swift; sourceTree = "<group>"; };
		4F8A41B32076904200E65E01 /* SettingsCollectionView.swift */ = {isa = PBXFileReference; lastKnownFileType = sourcecode.swift; path = SettingsCollectionView.swift; sourceTree = "<group>"; };
		4F9C95802050C5A800C08C9E /* Key.swift */ = {isa = PBXFileReference; fileEncoding = 4; lastKnownFileType = sourcecode.swift; path = Key.swift; sourceTree = "<group>"; };
		4F9C95822050CBC700C08C9E /* Default.swift */ = {isa = PBXFileReference; fileEncoding = 4; lastKnownFileType = sourcecode.swift; path = Default.swift; sourceTree = "<group>"; };
		4F9C95842050D5BF00C08C9E /* MyTimeUnit.swift */ = {isa = PBXFileReference; fileEncoding = 4; lastKnownFileType = sourcecode.swift; path = MyTimeUnit.swift; sourceTree = "<group>"; };
		4F9C95872050D6F400C08C9E /* PrismPost.swift */ = {isa = PBXFileReference; fileEncoding = 4; lastKnownFileType = sourcecode.swift; path = PrismPost.swift; sourceTree = "<group>"; };
		4F9C95882050D6F400C08C9E /* PrismUser.swift */ = {isa = PBXFileReference; fileEncoding = 4; lastKnownFileType = sourcecode.swift; path = PrismUser.swift; sourceTree = "<group>"; };
		4F9C95892050D6F400C08C9E /* ProfilePicture.swift */ = {isa = PBXFileReference; fileEncoding = 4; lastKnownFileType = sourcecode.swift; path = ProfilePicture.swift; sourceTree = "<group>"; };
		4F9C958D2050D70900C08C9E /* CurrentUser.swift */ = {isa = PBXFileReference; fileEncoding = 4; lastKnownFileType = sourcecode.swift; path = CurrentUser.swift; sourceTree = "<group>"; };
		4F9C958F2050D71C00C08C9E /* Helper.swift */ = {isa = PBXFileReference; fileEncoding = 4; lastKnownFileType = sourcecode.swift; path = Helper.swift; sourceTree = "<group>"; };
		4FA4E4362094119B0062F380 /* SettingsTableViewCell.swift */ = {isa = PBXFileReference; lastKnownFileType = sourcecode.swift; path = SettingsTableViewCell.swift; sourceTree = "<group>"; };
		570B94E1B88EBFA96F19DD07 /* Pods-PrismTests.release.xcconfig */ = {isa = PBXFileReference; includeInIndex = 1; lastKnownFileType = text.xcconfig; name = "Pods-PrismTests.release.xcconfig"; path = "Pods/Target Support Files/Pods-PrismTests/Pods-PrismTests.release.xcconfig"; sourceTree = "<group>"; };
		5C04D5E0B49BD9CB9E071F02 /* Pods-PrismTests.debug.xcconfig */ = {isa = PBXFileReference; includeInIndex = 1; lastKnownFileType = text.xcconfig; name = "Pods-PrismTests.debug.xcconfig"; path = "Pods/Target Support Files/Pods-PrismTests/Pods-PrismTests.debug.xcconfig"; sourceTree = "<group>"; };
		73F31C4B9B92F692DA9C08D8 /* Pods-PrismUITests.release.xcconfig */ = {isa = PBXFileReference; includeInIndex = 1; lastKnownFileType = text.xcconfig; name = "Pods-PrismUITests.release.xcconfig"; path = "Pods/Target Support Files/Pods-PrismUITests/Pods-PrismUITests.release.xcconfig"; sourceTree = "<group>"; };
		7BDFE7215CD5E190950B491B /* Pods_PrismUITests.framework */ = {isa = PBXFileReference; explicitFileType = wrapper.framework; includeInIndex = 0; path = Pods_PrismUITests.framework; sourceTree = BUILT_PRODUCTS_DIR; };
		83B276D149C91BCA4DD8A4B9 /* Pods-PrismUITests.debug.xcconfig */ = {isa = PBXFileReference; includeInIndex = 1; lastKnownFileType = text.xcconfig; name = "Pods-PrismUITests.debug.xcconfig"; path = "Pods/Target Support Files/Pods-PrismUITests/Pods-PrismUITests.debug.xcconfig"; sourceTree = "<group>"; };
		ACBE2805777E97999396C651 /* Pods-Prism.debug.xcconfig */ = {isa = PBXFileReference; includeInIndex = 1; lastKnownFileType = text.xcconfig; name = "Pods-Prism.debug.xcconfig"; path = "Pods/Target Support Files/Pods-Prism/Pods-Prism.debug.xcconfig"; sourceTree = "<group>"; };
		AD8C3AF1BF3E179192CC9D1B /* Pods_PrismTests.framework */ = {isa = PBXFileReference; explicitFileType = wrapper.framework; includeInIndex = 0; path = Pods_PrismTests.framework; sourceTree = BUILT_PRODUCTS_DIR; };
		FB8BC78859E5DF127678D11F /* Pods-Prism.release.xcconfig */ = {isa = PBXFileReference; includeInIndex = 1; lastKnownFileType = text.xcconfig; name = "Pods-Prism.release.xcconfig"; path = "Pods/Target Support Files/Pods-Prism/Pods-Prism.release.xcconfig"; sourceTree = "<group>"; };
/* End PBXFileReference section */

/* Begin PBXFrameworksBuildPhase section */
		1091E1ED203E838500C282BA /* Frameworks */ = {
			isa = PBXFrameworksBuildPhase;
			buildActionMask = 2147483647;
			files = (
				BCB811FC130209F7BEAA5342 /* Pods_Prism.framework in Frameworks */,
			);
			runOnlyForDeploymentPostprocessing = 0;
		};
		1091E201203E838500C282BA /* Frameworks */ = {
			isa = PBXFrameworksBuildPhase;
			buildActionMask = 2147483647;
			files = (
				C1486B8044EB40DAD581D5B1 /* Pods_PrismTests.framework in Frameworks */,
			);
			runOnlyForDeploymentPostprocessing = 0;
		};
		1091E20C203E838500C282BA /* Frameworks */ = {
			isa = PBXFrameworksBuildPhase;
			buildActionMask = 2147483647;
			files = (
				68027A98BF11F075EE0D168F /* Pods_PrismUITests.framework in Frameworks */,
			);
			runOnlyForDeploymentPostprocessing = 0;
		};
/* End PBXFrameworksBuildPhase section */

/* Begin PBXGroup section */
		0C2F12303E93891A7B23F86A /* Frameworks */ = {
			isa = PBXGroup;
			children = (
				3644F339173237F42FBC0459 /* Pods_Prism.framework */,
				AD8C3AF1BF3E179192CC9D1B /* Pods_PrismTests.framework */,
				7BDFE7215CD5E190950B491B /* Pods_PrismUITests.framework */,
			);
			name = Frameworks;
			sourceTree = "<group>";
		};
		100763C02041B06B005093C5 /* Helper */ = {
			isa = PBXGroup;
			children = (
				4F9C958F2050D71C00C08C9E /* Helper.swift */,
				100763C12041B106005093C5 /* Constraints.swift */,
				10E3F55A204659EE00C82F3F /* Colors.swift */,
				10E3F559204659EE00C82F3F /* Icons.swift */,
				10E3F558204659EE00C82F3F /* ScreenType.swift */,
				106EAD9E2062E97C008E41B0 /* SDWebImageHelper.swift */,
				192E49ADF8D50296D952D15A /* PrismPostConstraints.swift */,
				192E425BFCAA5B6FADA5E03E /* SourceSansFont.swift */,
			);
			path = Helper;
			sourceTree = "<group>";
		};
		100763C32041F937005093C5 /* ViewControllers */ = {
			isa = PBXGroup;
			children = (
				1091E1F5203E838500C282BA /* LoginViewController.swift */,
				10E3F556204659DF00C82F3F /* RegisterViewController.swift */,
				10ADF6C32050D52000060A19 /* MainViewController.swift */,
				192E4428ECFDAD48433B65F0 /* PrismPostDetailViewController.swift */,
				192E4E71BDD094785EA8DE44 /* ProfileViewController.swift */,
			);
			path = ViewControllers;
			sourceTree = "<group>";
		};
		10863A4C203FD55800FA851B /* Extensions */ = {
			isa = PBXGroup;
			children = (
				10ADF6BF2050D36000060A19 /* UIViewControllerExtensions.swift */,
				10ADF6C02050D36000060A19 /* UIViewExtensions.swift */,
				10863A4D203FD57800FA851B /* UIColorExtensions.swift */,
				192E4A2EEA660D591ABB6BF5 /* StringExtensions.swift */,
				103399152061DFE000E105EC /* DictionaryExtensions.swift */,
				1011FADF2075BF3800468D82 /* DateExtensions.swift */,
			);
			path = Extensions;
			sourceTree = "<group>";
		};
		1091E1E7203E838500C282BA = {
			isa = PBXGroup;
			children = (
				1091E1F2203E838500C282BA /* Prism */,
				1091E207203E838500C282BA /* PrismTests */,
				1091E212203E838500C282BA /* PrismUITests */,
				1091E1F1203E838500C282BA /* Products */,
				8469119918C7F2493D6D1660 /* Pods */,
				0C2F12303E93891A7B23F86A /* Frameworks */,
			);
			sourceTree = "<group>";
		};
		1091E1F1203E838500C282BA /* Products */ = {
			isa = PBXGroup;
			children = (
				1091E1F0203E838500C282BA /* Prism.app */,
				1091E204203E838500C282BA /* PrismTests.xctest */,
				1091E20F203E838500C282BA /* PrismUITests.xctest */,
			);
			name = Products;
			sourceTree = "<group>";
		};
		1091E1F2203E838500C282BA /* Prism */ = {
			isa = PBXGroup;
			children = (
				4F9C95862050D6CE00C08C9E /* Classes */,
				10ADF6BA2050D32000060A19 /* CustomViews */,
				10ADF6B32050D2F200060A19 /* CollectionViewCells */,
				4F9C957F2050C59000C08C9E /* Constants */,
				100763C32041F937005093C5 /* ViewControllers */,
				100763C02041B06B005093C5 /* Helper */,
				10863A4C203FD55800FA851B /* Extensions */,
				1091E1F3203E838500C282BA /* AppDelegate.swift */,
				1091E1F7203E838500C282BA /* Main.storyboard */,
				1091E1FA203E838500C282BA /* Assets.xcassets */,
				1091E1FC203E838500C282BA /* LaunchScreen.storyboard */,
				1091E1FF203E838500C282BA /* Info.plist */,
				4F4A1808204381C6002DAA54 /* MyUser.swift */,
				192E4711142E676DC6844EDA /* GoogleService-Info.plist */,
				192E4931D6F045281CD1E3A3 /* ImageCaching */,
				192E466A9967259D5A1E1CEA /* Fonts */,
			);
			path = Prism;
			sourceTree = "<group>";
		};
		1091E207203E838500C282BA /* PrismTests */ = {
			isa = PBXGroup;
			children = (
				1091E208203E838500C282BA /* PrismTests.swift */,
				1091E20A203E838500C282BA /* Info.plist */,
			);
			path = PrismTests;
			sourceTree = "<group>";
		};
		1091E212203E838500C282BA /* PrismUITests */ = {
			isa = PBXGroup;
			children = (
				1091E213203E838500C282BA /* PrismUITests.swift */,
				1091E215203E838500C282BA /* Info.plist */,
			);
			path = PrismUITests;
			sourceTree = "<group>";
		};
		10ADF6B32050D2F200060A19 /* CollectionViewCells */ = {
			isa = PBXGroup;
			children = (
				10ADF6B52050D30B00060A19 /* PrismPostCollectionViewCell.swift */,
				10ADF6B42050D30A00060A19 /* PrismPostCollectionView.swift */,
				10ADF6B62050D30B00060A19 /* ImageMenuCell.swift */,
				4F8A41B32076904200E65E01 /* SettingsCollectionView.swift */,
				192E4E032ABD9200A979DE31 /* LabelMenuCell.swift */,
				4FA4E4362094119B0062F380 /* SettingsTableViewCell.swift */,
			);
			path = CollectionViewCells;
			sourceTree = "<group>";
		};
		10ADF6BA2050D32000060A19 /* CustomViews */ = {
			isa = PBXGroup;
			children = (
				10ADF6BB2050D33500060A19 /* MainViewMenuBar.swift */,
				10ADF6BC2050D33500060A19 /* NavigationBar.swift */,
				192E4678BF58B239D159B832 /* CustomImageView.swift */,
				192E4F6AC9507CE9A7BC635B /* CustomAlertDialog.swift */,
				192E4A2B1DDAB32382236D47 /* MoreDialog.swift */,
				192E4790320085376751F7F1 /* ZoomTransitioningDelegate.swift */,
				192E44A288763762AEF945E3 /* ProfileViewMenuBar.swift */,
			);
			path = CustomViews;
			sourceTree = "<group>";
		};
		192E466A9967259D5A1E1CEA /* Fonts */ = {
			isa = PBXGroup;
			children = (
				192E4EA191A9993B7264943D /* SourceSansPro-BoldItalic.ttf */,
				192E415BB6B17C9CAD645A35 /* SourceSansPro-LightItalic.ttf */,
				192E4518D6E1CA9CCD6A4601 /* SourceSansPro-ExtraLight.ttf */,
				192E4739330EC657C54F1CA3 /* SourceSansPro-Regular.ttf */,
				192E4231D1CE746671DB8351 /* SourceSansPro-Black.ttf */,
				192E434357C28B01BB584205 /* SourceSansPro-BlackItalic.ttf */,
				192E43DB60F9297C696B69CB /* SourceSansPro-SemiBoldItalic.ttf */,
				192E4C8E96540636CAE6AD84 /* SourceSansPro-Bold.ttf */,
				192E428DE079C705C6F67318 /* SourceSansPro-Italic.ttf */,
				192E450879EF8422616E9AC4 /* SourceSansPro-Light.ttf */,
				192E471F840E5BCA85CB7636 /* SourceSansPro-SemiBold.ttf */,
				192E4ADF0691EB861FEF75CC /* SourceSansPro-ExtraLightItalic.ttf */,
			);
			path = Fonts;
			sourceTree = "<group>";
		};
		192E4931D6F045281CD1E3A3 /* ImageCaching */ = {
			isa = PBXGroup;
			children = (
				192E40A7ADA16934A87DB9F3 /* ImageManager.swift */,
			);
			path = ImageCaching;
			sourceTree = "<group>";
		};
		4F9C957F2050C59000C08C9E /* Constants */ = {
			isa = PBXGroup;
			children = (
				4F9C95802050C5A800C08C9E /* Key.swift */,
				4F9C95822050CBC700C08C9E /* Default.swift */,
				4F9C95842050D5BF00C08C9E /* MyTimeUnit.swift */,
			);
			path = Constants;
			sourceTree = "<group>";
		};
		4F9C95862050D6CE00C08C9E /* Classes */ = {
			isa = PBXGroup;
			children = (
				4F9C95872050D6F400C08C9E /* PrismPost.swift */,
				4F9C95882050D6F400C08C9E /* PrismUser.swift */,
				4F9C95892050D6F400C08C9E /* ProfilePicture.swift */,
				4F9C958D2050D70900C08C9E /* CurrentUser.swift */,
				10FCD829205F03E8001E0C1F /* DefaultProfilePicture.swift */,
				192E406B8694AA1A663C7AFC /* DatabaseAction.swift */,
			);
			path = Classes;
			sourceTree = "<group>";
		};
		8469119918C7F2493D6D1660 /* Pods */ = {
			isa = PBXGroup;
			children = (
				ACBE2805777E97999396C651 /* Pods-Prism.debug.xcconfig */,
				FB8BC78859E5DF127678D11F /* Pods-Prism.release.xcconfig */,
				5C04D5E0B49BD9CB9E071F02 /* Pods-PrismTests.debug.xcconfig */,
				570B94E1B88EBFA96F19DD07 /* Pods-PrismTests.release.xcconfig */,
				83B276D149C91BCA4DD8A4B9 /* Pods-PrismUITests.debug.xcconfig */,
				73F31C4B9B92F692DA9C08D8 /* Pods-PrismUITests.release.xcconfig */,
			);
			name = Pods;
			sourceTree = "<group>";
		};
/* End PBXGroup section */

/* Begin PBXNativeTarget section */
		1091E1EF203E838500C282BA /* Prism */ = {
			isa = PBXNativeTarget;
			buildConfigurationList = 1091E218203E838500C282BA /* Build configuration list for PBXNativeTarget "Prism" */;
			buildPhases = (
				DA286B346C4B930B80B056EA /* [CP] Check Pods Manifest.lock */,
				1091E1EC203E838500C282BA /* Sources */,
				1091E1ED203E838500C282BA /* Frameworks */,
				1091E1EE203E838500C282BA /* Resources */,
				A4E274339D637F09286E49F1 /* [CP] Embed Pods Frameworks */,
				C7B8FBB30E09585BC38DF14E /* [CP] Copy Pods Resources */,
			);
			buildRules = (
			);
			dependencies = (
			);
			name = Prism;
			productName = Prism;
			productReference = 1091E1F0203E838500C282BA /* Prism.app */;
			productType = "com.apple.product-type.application";
		};
		1091E203203E838500C282BA /* PrismTests */ = {
			isa = PBXNativeTarget;
			buildConfigurationList = 1091E21B203E838500C282BA /* Build configuration list for PBXNativeTarget "PrismTests" */;
			buildPhases = (
				74B101564E2D082A11453BA9 /* [CP] Check Pods Manifest.lock */,
				1091E200203E838500C282BA /* Sources */,
				1091E201203E838500C282BA /* Frameworks */,
				1091E202203E838500C282BA /* Resources */,
				1031CE3934494EC2A29DF47A /* [CP] Embed Pods Frameworks */,
				874E9FD3A81A29B17677E44B /* [CP] Copy Pods Resources */,
			);
			buildRules = (
			);
			dependencies = (
				1091E206203E838500C282BA /* PBXTargetDependency */,
			);
			name = PrismTests;
			productName = PrismTests;
			productReference = 1091E204203E838500C282BA /* PrismTests.xctest */;
			productType = "com.apple.product-type.bundle.unit-test";
		};
		1091E20E203E838500C282BA /* PrismUITests */ = {
			isa = PBXNativeTarget;
			buildConfigurationList = 1091E21E203E838500C282BA /* Build configuration list for PBXNativeTarget "PrismUITests" */;
			buildPhases = (
				0E7FD21834294AD2AF1973FB /* [CP] Check Pods Manifest.lock */,
				1091E20B203E838500C282BA /* Sources */,
				1091E20C203E838500C282BA /* Frameworks */,
				1091E20D203E838500C282BA /* Resources */,
				83065C935801717638636FBF /* [CP] Embed Pods Frameworks */,
				FD71089D268CFC0CC20658DC /* [CP] Copy Pods Resources */,
			);
			buildRules = (
			);
			dependencies = (
				1091E211203E838500C282BA /* PBXTargetDependency */,
			);
			name = PrismUITests;
			productName = PrismUITests;
			productReference = 1091E20F203E838500C282BA /* PrismUITests.xctest */;
			productType = "com.apple.product-type.bundle.ui-testing";
		};
/* End PBXNativeTarget section */

/* Begin PBXProject section */
		1091E1E8203E838500C282BA /* Project object */ = {
			isa = PBXProject;
			attributes = {
				LastSwiftUpdateCheck = 0920;
				LastUpgradeCheck = 0930;
				ORGANIZATIONNAME = "Satish Boggarapu";
				TargetAttributes = {
					1091E1EF203E838500C282BA = {
						CreatedOnToolsVersion = 9.2;
						ProvisioningStyle = Automatic;
					};
					1091E203203E838500C282BA = {
						CreatedOnToolsVersion = 9.2;
						ProvisioningStyle = Automatic;
						TestTargetID = 1091E1EF203E838500C282BA;
					};
					1091E20E203E838500C282BA = {
						CreatedOnToolsVersion = 9.2;
						ProvisioningStyle = Automatic;
						TestTargetID = 1091E1EF203E838500C282BA;
					};
				};
			};
			buildConfigurationList = 1091E1EB203E838500C282BA /* Build configuration list for PBXProject "Prism" */;
			compatibilityVersion = "Xcode 8.0";
			developmentRegion = en;
			hasScannedForEncodings = 0;
			knownRegions = (
				en,
				Base,
			);
			mainGroup = 1091E1E7203E838500C282BA;
			productRefGroup = 1091E1F1203E838500C282BA /* Products */;
			projectDirPath = "";
			projectRoot = "";
			targets = (
				1091E1EF203E838500C282BA /* Prism */,
				1091E203203E838500C282BA /* PrismTests */,
				1091E20E203E838500C282BA /* PrismUITests */,
			);
		};
/* End PBXProject section */

/* Begin PBXResourcesBuildPhase section */
		1091E1EE203E838500C282BA /* Resources */ = {
			isa = PBXResourcesBuildPhase;
			buildActionMask = 2147483647;
			files = (
				1091E1FE203E838500C282BA /* LaunchScreen.storyboard in Resources */,
				1091E1FB203E838500C282BA /* Assets.xcassets in Resources */,
				1091E1F9203E838500C282BA /* Main.storyboard in Resources */,
				192E479FAC15A1B6A5C0CF65 /* GoogleService-Info.plist in Resources */,
				192E466F9293E456DD8343AA /* SourceSansPro-BoldItalic.ttf in Resources */,
				192E45372B217FEC45396FA1 /* SourceSansPro-LightItalic.ttf in Resources */,
				192E4CC779FDE90E5A79EA59 /* SourceSansPro-ExtraLight.ttf in Resources */,
				192E4C5C32E548D8A1404DE8 /* SourceSansPro-Regular.ttf in Resources */,
				192E4F667F2E072C92449A06 /* SourceSansPro-Black.ttf in Resources */,
				192E486C5979A78CFA444475 /* SourceSansPro-BlackItalic.ttf in Resources */,
				192E46F6E9010871CC620850 /* SourceSansPro-SemiBoldItalic.ttf in Resources */,
				192E45D558BE8D77CD229474 /* SourceSansPro-Bold.ttf in Resources */,
				192E4BC9144D9996A413E0B1 /* SourceSansPro-Italic.ttf in Resources */,
				192E49DC424B564645CE2595 /* SourceSansPro-Light.ttf in Resources */,
				192E47E0598F66F7AD536BBA /* SourceSansPro-SemiBold.ttf in Resources */,
				192E444369483DDCA493D9EE /* SourceSansPro-ExtraLightItalic.ttf in Resources */,
			);
			runOnlyForDeploymentPostprocessing = 0;
		};
		1091E202203E838500C282BA /* Resources */ = {
			isa = PBXResourcesBuildPhase;
			buildActionMask = 2147483647;
			files = (
			);
			runOnlyForDeploymentPostprocessing = 0;
		};
		1091E20D203E838500C282BA /* Resources */ = {
			isa = PBXResourcesBuildPhase;
			buildActionMask = 2147483647;
			files = (
			);
			runOnlyForDeploymentPostprocessing = 0;
		};
/* End PBXResourcesBuildPhase section */

/* Begin PBXShellScriptBuildPhase section */
		0E7FD21834294AD2AF1973FB /* [CP] Check Pods Manifest.lock */ = {
			isa = PBXShellScriptBuildPhase;
			buildActionMask = 2147483647;
			files = (
			);
			inputPaths = (
				"${PODS_PODFILE_DIR_PATH}/Podfile.lock",
				"${PODS_ROOT}/Manifest.lock",
			);
			name = "[CP] Check Pods Manifest.lock";
			outputPaths = (
				"$(DERIVED_FILE_DIR)/Pods-PrismUITests-checkManifestLockResult.txt",
			);
			runOnlyForDeploymentPostprocessing = 0;
			shellPath = /bin/sh;
			shellScript = "diff \"${PODS_PODFILE_DIR_PATH}/Podfile.lock\" \"${PODS_ROOT}/Manifest.lock\" > /dev/null\nif [ $? != 0 ] ; then\n    # print error to STDERR\n    echo \"error: The sandbox is not in sync with the Podfile.lock. Run 'pod install' or update your CocoaPods installation.\" >&2\n    exit 1\nfi\n# This output is used by Xcode 'outputs' to avoid re-running this script phase.\necho \"SUCCESS\" > \"${SCRIPT_OUTPUT_FILE_0}\"\n";
			showEnvVarsInLog = 0;
		};
		1031CE3934494EC2A29DF47A /* [CP] Embed Pods Frameworks */ = {
			isa = PBXShellScriptBuildPhase;
			buildActionMask = 2147483647;
			files = (
			);
			inputPaths = (
			);
			name = "[CP] Embed Pods Frameworks";
			outputPaths = (
			);
			runOnlyForDeploymentPostprocessing = 0;
			shellPath = /bin/sh;
			shellScript = "\"${SRCROOT}/Pods/Target Support Files/Pods-PrismTests/Pods-PrismTests-frameworks.sh\"\n";
			showEnvVarsInLog = 0;
		};
		74B101564E2D082A11453BA9 /* [CP] Check Pods Manifest.lock */ = {
			isa = PBXShellScriptBuildPhase;
			buildActionMask = 2147483647;
			files = (
			);
			inputPaths = (
				"${PODS_PODFILE_DIR_PATH}/Podfile.lock",
				"${PODS_ROOT}/Manifest.lock",
			);
			name = "[CP] Check Pods Manifest.lock";
			outputPaths = (
				"$(DERIVED_FILE_DIR)/Pods-PrismTests-checkManifestLockResult.txt",
			);
			runOnlyForDeploymentPostprocessing = 0;
			shellPath = /bin/sh;
			shellScript = "diff \"${PODS_PODFILE_DIR_PATH}/Podfile.lock\" \"${PODS_ROOT}/Manifest.lock\" > /dev/null\nif [ $? != 0 ] ; then\n    # print error to STDERR\n    echo \"error: The sandbox is not in sync with the Podfile.lock. Run 'pod install' or update your CocoaPods installation.\" >&2\n    exit 1\nfi\n# This output is used by Xcode 'outputs' to avoid re-running this script phase.\necho \"SUCCESS\" > \"${SCRIPT_OUTPUT_FILE_0}\"\n";
			showEnvVarsInLog = 0;
		};
		83065C935801717638636FBF /* [CP] Embed Pods Frameworks */ = {
			isa = PBXShellScriptBuildPhase;
			buildActionMask = 2147483647;
			files = (
			);
			inputPaths = (
			);
			name = "[CP] Embed Pods Frameworks";
			outputPaths = (
			);
			runOnlyForDeploymentPostprocessing = 0;
			shellPath = /bin/sh;
			shellScript = "\"${SRCROOT}/Pods/Target Support Files/Pods-PrismUITests/Pods-PrismUITests-frameworks.sh\"\n";
			showEnvVarsInLog = 0;
		};
		874E9FD3A81A29B17677E44B /* [CP] Copy Pods Resources */ = {
			isa = PBXShellScriptBuildPhase;
			buildActionMask = 2147483647;
			files = (
			);
			inputPaths = (
			);
			name = "[CP] Copy Pods Resources";
			outputPaths = (
			);
			runOnlyForDeploymentPostprocessing = 0;
			shellPath = /bin/sh;
			shellScript = "\"${SRCROOT}/Pods/Target Support Files/Pods-PrismTests/Pods-PrismTests-resources.sh\"\n";
			showEnvVarsInLog = 0;
		};
		A4E274339D637F09286E49F1 /* [CP] Embed Pods Frameworks */ = {
			isa = PBXShellScriptBuildPhase;
			buildActionMask = 2147483647;
			files = (
			);
			inputPaths = (
				"${SRCROOT}/Pods/Target Support Files/Pods-Prism/Pods-Prism-frameworks.sh",
				"${BUILT_PRODUCTS_DIR}/GTMSessionFetcher/GTMSessionFetcher.framework",
				"${BUILT_PRODUCTS_DIR}/GoogleToolboxForMac/GoogleToolboxForMac.framework",
				"${BUILT_PRODUCTS_DIR}/MDFInternationalization/MDFInternationalization.framework",
				"${BUILT_PRODUCTS_DIR}/MDFTextAccessibility/MDFTextAccessibility.framework",
				"${BUILT_PRODUCTS_DIR}/Material/Material.framework",
				"${BUILT_PRODUCTS_DIR}/MaterialComponents/MaterialComponents.framework",
				"${BUILT_PRODUCTS_DIR}/Motion/Motion.framework",
				"${BUILT_PRODUCTS_DIR}/MotionAnimator/MotionAnimator.framework",
				"${BUILT_PRODUCTS_DIR}/MotionInterchange/MotionInterchange.framework",
				"${BUILT_PRODUCTS_DIR}/MotionTransitioning/MotionTransitioning.framework",
				"${BUILT_PRODUCTS_DIR}/SDWebImage/SDWebImage.framework",
				"${BUILT_PRODUCTS_DIR}/leveldb-library/leveldb.framework",
				"${BUILT_PRODUCTS_DIR}/nanopb/nanopb.framework",
			);
			name = "[CP] Embed Pods Frameworks";
			outputPaths = (
				"${TARGET_BUILD_DIR}/${FRAMEWORKS_FOLDER_PATH}/GTMSessionFetcher.framework",
				"${TARGET_BUILD_DIR}/${FRAMEWORKS_FOLDER_PATH}/GoogleToolboxForMac.framework",
				"${TARGET_BUILD_DIR}/${FRAMEWORKS_FOLDER_PATH}/MDFInternationalization.framework",
				"${TARGET_BUILD_DIR}/${FRAMEWORKS_FOLDER_PATH}/MDFTextAccessibility.framework",
				"${TARGET_BUILD_DIR}/${FRAMEWORKS_FOLDER_PATH}/Material.framework",
				"${TARGET_BUILD_DIR}/${FRAMEWORKS_FOLDER_PATH}/MaterialComponents.framework",
				"${TARGET_BUILD_DIR}/${FRAMEWORKS_FOLDER_PATH}/Motion.framework",
				"${TARGET_BUILD_DIR}/${FRAMEWORKS_FOLDER_PATH}/MotionAnimator.framework",
				"${TARGET_BUILD_DIR}/${FRAMEWORKS_FOLDER_PATH}/MotionInterchange.framework",
				"${TARGET_BUILD_DIR}/${FRAMEWORKS_FOLDER_PATH}/MotionTransitioning.framework",
				"${TARGET_BUILD_DIR}/${FRAMEWORKS_FOLDER_PATH}/SDWebImage.framework",
				"${TARGET_BUILD_DIR}/${FRAMEWORKS_FOLDER_PATH}/leveldb.framework",
				"${TARGET_BUILD_DIR}/${FRAMEWORKS_FOLDER_PATH}/nanopb.framework",
			);
			runOnlyForDeploymentPostprocessing = 0;
			shellPath = /bin/sh;
			shellScript = "\"${SRCROOT}/Pods/Target Support Files/Pods-Prism/Pods-Prism-frameworks.sh\"\n";
			showEnvVarsInLog = 0;
		};
		C7B8FBB30E09585BC38DF14E /* [CP] Copy Pods Resources */ = {
			isa = PBXShellScriptBuildPhase;
			buildActionMask = 2147483647;
			files = (
			);
			inputPaths = (
			);
			name = "[CP] Copy Pods Resources";
			outputPaths = (
			);
			runOnlyForDeploymentPostprocessing = 0;
			shellPath = /bin/sh;
			shellScript = "\"${SRCROOT}/Pods/Target Support Files/Pods-Prism/Pods-Prism-resources.sh\"\n";
			showEnvVarsInLog = 0;
		};
		DA286B346C4B930B80B056EA /* [CP] Check Pods Manifest.lock */ = {
			isa = PBXShellScriptBuildPhase;
			buildActionMask = 2147483647;
			files = (
			);
			inputPaths = (
				"${PODS_PODFILE_DIR_PATH}/Podfile.lock",
				"${PODS_ROOT}/Manifest.lock",
			);
			name = "[CP] Check Pods Manifest.lock";
			outputPaths = (
				"$(DERIVED_FILE_DIR)/Pods-Prism-checkManifestLockResult.txt",
			);
			runOnlyForDeploymentPostprocessing = 0;
			shellPath = /bin/sh;
			shellScript = "diff \"${PODS_PODFILE_DIR_PATH}/Podfile.lock\" \"${PODS_ROOT}/Manifest.lock\" > /dev/null\nif [ $? != 0 ] ; then\n    # print error to STDERR\n    echo \"error: The sandbox is not in sync with the Podfile.lock. Run 'pod install' or update your CocoaPods installation.\" >&2\n    exit 1\nfi\n# This output is used by Xcode 'outputs' to avoid re-running this script phase.\necho \"SUCCESS\" > \"${SCRIPT_OUTPUT_FILE_0}\"\n";
			showEnvVarsInLog = 0;
		};
		FD71089D268CFC0CC20658DC /* [CP] Copy Pods Resources */ = {
			isa = PBXShellScriptBuildPhase;
			buildActionMask = 2147483647;
			files = (
			);
			inputPaths = (
			);
			name = "[CP] Copy Pods Resources";
			outputPaths = (
			);
			runOnlyForDeploymentPostprocessing = 0;
			shellPath = /bin/sh;
			shellScript = "\"${SRCROOT}/Pods/Target Support Files/Pods-PrismUITests/Pods-PrismUITests-resources.sh\"\n";
			showEnvVarsInLog = 0;
		};
/* End PBXShellScriptBuildPhase section */

/* Begin PBXSourcesBuildPhase section */
		1091E1EC203E838500C282BA /* Sources */ = {
			isa = PBXSourcesBuildPhase;
			buildActionMask = 2147483647;
			files = (
				10ADF6BE2050D33500060A19 /* NavigationBar.swift in Sources */,
				100763C22041B106005093C5 /* Constraints.swift in Sources */,
				10ADF6B82050D30B00060A19 /* PrismPostCollectionViewCell.swift in Sources */,
				10ADF6BD2050D33500060A19 /* MainViewMenuBar.swift in Sources */,
				106EAD9F2062E97C008E41B0 /* SDWebImageHelper.swift in Sources */,
				1011FAE02075BF3800468D82 /* DateExtensions.swift in Sources */,
				4F9C958C2050D6F400C08C9E /* ProfilePicture.swift in Sources */,
				103399162061DFE000E105EC /* DictionaryExtensions.swift in Sources */,
				4F9C958E2050D70900C08C9E /* CurrentUser.swift in Sources */,
				10ADF6C12050D36000060A19 /* UIViewControllerExtensions.swift in Sources */,
				4F9C95832050CBC700C08C9E /* Default.swift in Sources */,
				10FCD82A205F03E8001E0C1F /* DefaultProfilePicture.swift in Sources */,
				10E3F55D204659EF00C82F3F /* Colors.swift in Sources */,
				4F9C95812050C5A800C08C9E /* Key.swift in Sources */,
				10863A4E203FD57800FA851B /* UIColorExtensions.swift in Sources */,
				4F9C95852050D5BF00C08C9E /* MyTimeUnit.swift in Sources */,
				10E3F55C204659EF00C82F3F /* Icons.swift in Sources */,
				10ADF6C22050D36000060A19 /* UIViewExtensions.swift in Sources */,
				1091E1F6203E838500C282BA /* LoginViewController.swift in Sources */,
				10E3F557204659DF00C82F3F /* RegisterViewController.swift in Sources */,
				1091E1F4203E838500C282BA /* AppDelegate.swift in Sources */,
				4F4A1809204381C6002DAA54 /* MyUser.swift in Sources */,
				10ADF6B92050D30B00060A19 /* ImageMenuCell.swift in Sources */,
				10E3F55B204659EF00C82F3F /* ScreenType.swift in Sources */,
				4FA4E4372094119B0062F380 /* SettingsTableViewCell.swift in Sources */,
				10ADF6B72050D30B00060A19 /* PrismPostCollectionView.swift in Sources */,
				192E43E16641725F17286B02 /* StringExtensions.swift in Sources */,
				10ADF6C42050D52000060A19 /* MainViewController.swift in Sources */,
				4F8A41B42076904200E65E01 /* SettingsCollectionView.swift in Sources */,
				4F9C95902050D71C00C08C9E /* Helper.swift in Sources */,
				4F9C958A2050D6F400C08C9E /* PrismPost.swift in Sources */,
				4F9C958B2050D6F400C08C9E /* PrismUser.swift in Sources */,
				192E4469FD1C0A2665468104 /* DatabaseAction.swift in Sources */,
				192E4C28371F6F44578037B4 /* ImageManager.swift in Sources */,
				192E41801618B460A2483C95 /* CustomImageView.swift in Sources */,
				192E41EA51FFD6B9BDCA49C0 /* PrismPostConstraints.swift in Sources */,
				192E40E74CF1F2D5D23C3973 /* CustomAlertDialog.swift in Sources */,
				192E475921D261AF8321C298 /* MoreDialog.swift in Sources */,
				192E410D9F27B1D4982139A3 /* ZoomTransitioningDelegate.swift in Sources */,
				192E40D5CF4CC660CDDA1106 /* PrismPostDetailViewController.swift in Sources */,
				192E471389C6ED6C0578FCB0 /* ProfileViewController.swift in Sources */,
				192E4C1277313C3406F4FD11 /* LabelMenuCell.swift in Sources */,
				192E413E1DF0AAD825A95ADA /* ProfileViewMenuBar.swift in Sources */,
				192E498270A225491FAA2348 /* SourceSansFont.swift in Sources */,
			);
			runOnlyForDeploymentPostprocessing = 0;
		};
		1091E200203E838500C282BA /* Sources */ = {
			isa = PBXSourcesBuildPhase;
			buildActionMask = 2147483647;
			files = (
				1091E209203E838500C282BA /* PrismTests.swift in Sources */,
			);
			runOnlyForDeploymentPostprocessing = 0;
		};
		1091E20B203E838500C282BA /* Sources */ = {
			isa = PBXSourcesBuildPhase;
			buildActionMask = 2147483647;
			files = (
				1091E214203E838500C282BA /* PrismUITests.swift in Sources */,
			);
			runOnlyForDeploymentPostprocessing = 0;
		};
/* End PBXSourcesBuildPhase section */

/* Begin PBXTargetDependency section */
		1091E206203E838500C282BA /* PBXTargetDependency */ = {
			isa = PBXTargetDependency;
			target = 1091E1EF203E838500C282BA /* Prism */;
			targetProxy = 1091E205203E838500C282BA /* PBXContainerItemProxy */;
		};
		1091E211203E838500C282BA /* PBXTargetDependency */ = {
			isa = PBXTargetDependency;
			target = 1091E1EF203E838500C282BA /* Prism */;
			targetProxy = 1091E210203E838500C282BA /* PBXContainerItemProxy */;
		};
/* End PBXTargetDependency section */

/* Begin PBXVariantGroup section */
		1091E1F7203E838500C282BA /* Main.storyboard */ = {
			isa = PBXVariantGroup;
			children = (
				1091E1F8203E838500C282BA /* Base */,
			);
			name = Main.storyboard;
			sourceTree = "<group>";
		};
		1091E1FC203E838500C282BA /* LaunchScreen.storyboard */ = {
			isa = PBXVariantGroup;
			children = (
				1091E1FD203E838500C282BA /* Base */,
			);
			name = LaunchScreen.storyboard;
			sourceTree = "<group>";
		};
/* End PBXVariantGroup section */

/* Begin XCBuildConfiguration section */
		1091E216203E838500C282BA /* Debug */ = {
			isa = XCBuildConfiguration;
			buildSettings = {
				ALWAYS_SEARCH_USER_PATHS = NO;
				CLANG_ANALYZER_NONNULL = YES;
				CLANG_ANALYZER_NUMBER_OBJECT_CONVERSION = YES_AGGRESSIVE;
				CLANG_CXX_LANGUAGE_STANDARD = "gnu++14";
				CLANG_CXX_LIBRARY = "libc++";
				CLANG_ENABLE_MODULES = YES;
				CLANG_ENABLE_OBJC_ARC = YES;
				CLANG_WARN_BLOCK_CAPTURE_AUTORELEASING = YES;
				CLANG_WARN_BOOL_CONVERSION = YES;
				CLANG_WARN_COMMA = YES;
				CLANG_WARN_CONSTANT_CONVERSION = YES;
				CLANG_WARN_DEPRECATED_OBJC_IMPLEMENTATIONS = YES;
				CLANG_WARN_DIRECT_OBJC_ISA_USAGE = YES_ERROR;
				CLANG_WARN_DOCUMENTATION_COMMENTS = YES;
				CLANG_WARN_EMPTY_BODY = YES;
				CLANG_WARN_ENUM_CONVERSION = YES;
				CLANG_WARN_INFINITE_RECURSION = YES;
				CLANG_WARN_INT_CONVERSION = YES;
				CLANG_WARN_NON_LITERAL_NULL_CONVERSION = YES;
				CLANG_WARN_OBJC_IMPLICIT_RETAIN_SELF = YES;
				CLANG_WARN_OBJC_LITERAL_CONVERSION = YES;
				CLANG_WARN_OBJC_ROOT_CLASS = YES_ERROR;
				CLANG_WARN_RANGE_LOOP_ANALYSIS = YES;
				CLANG_WARN_STRICT_PROTOTYPES = YES;
				CLANG_WARN_SUSPICIOUS_MOVE = YES;
				CLANG_WARN_UNGUARDED_AVAILABILITY = YES_AGGRESSIVE;
				CLANG_WARN_UNREACHABLE_CODE = YES;
				CLANG_WARN__DUPLICATE_METHOD_MATCH = YES;
				CODE_SIGN_IDENTITY = "iPhone Developer";
				COPY_PHASE_STRIP = NO;
				DEBUG_INFORMATION_FORMAT = dwarf;
				ENABLE_STRICT_OBJC_MSGSEND = YES;
				ENABLE_TESTABILITY = YES;
				GCC_C_LANGUAGE_STANDARD = gnu11;
				GCC_DYNAMIC_NO_PIC = NO;
				GCC_NO_COMMON_BLOCKS = YES;
				GCC_OPTIMIZATION_LEVEL = 0;
				GCC_PREPROCESSOR_DEFINITIONS = (
					"DEBUG=1",
					"$(inherited)",
				);
				GCC_WARN_64_TO_32_BIT_CONVERSION = YES;
				GCC_WARN_ABOUT_RETURN_TYPE = YES_ERROR;
				GCC_WARN_UNDECLARED_SELECTOR = YES;
				GCC_WARN_UNINITIALIZED_AUTOS = YES_AGGRESSIVE;
				GCC_WARN_UNUSED_FUNCTION = YES;
				GCC_WARN_UNUSED_VARIABLE = YES;
				IPHONEOS_DEPLOYMENT_TARGET = 11.2;
				MTL_ENABLE_DEBUG_INFO = YES;
				ONLY_ACTIVE_ARCH = YES;
				SDKROOT = iphoneos;
				SWIFT_ACTIVE_COMPILATION_CONDITIONS = DEBUG;
				SWIFT_OPTIMIZATION_LEVEL = "-Onone";
			};
			name = Debug;
		};
		1091E217203E838500C282BA /* Release */ = {
			isa = XCBuildConfiguration;
			buildSettings = {
				ALWAYS_SEARCH_USER_PATHS = NO;
				CLANG_ANALYZER_NONNULL = YES;
				CLANG_ANALYZER_NUMBER_OBJECT_CONVERSION = YES_AGGRESSIVE;
				CLANG_CXX_LANGUAGE_STANDARD = "gnu++14";
				CLANG_CXX_LIBRARY = "libc++";
				CLANG_ENABLE_MODULES = YES;
				CLANG_ENABLE_OBJC_ARC = YES;
				CLANG_WARN_BLOCK_CAPTURE_AUTORELEASING = YES;
				CLANG_WARN_BOOL_CONVERSION = YES;
				CLANG_WARN_COMMA = YES;
				CLANG_WARN_CONSTANT_CONVERSION = YES;
				CLANG_WARN_DEPRECATED_OBJC_IMPLEMENTATIONS = YES;
				CLANG_WARN_DIRECT_OBJC_ISA_USAGE = YES_ERROR;
				CLANG_WARN_DOCUMENTATION_COMMENTS = YES;
				CLANG_WARN_EMPTY_BODY = YES;
				CLANG_WARN_ENUM_CONVERSION = YES;
				CLANG_WARN_INFINITE_RECURSION = YES;
				CLANG_WARN_INT_CONVERSION = YES;
				CLANG_WARN_NON_LITERAL_NULL_CONVERSION = YES;
				CLANG_WARN_OBJC_IMPLICIT_RETAIN_SELF = YES;
				CLANG_WARN_OBJC_LITERAL_CONVERSION = YES;
				CLANG_WARN_OBJC_ROOT_CLASS = YES_ERROR;
				CLANG_WARN_RANGE_LOOP_ANALYSIS = YES;
				CLANG_WARN_STRICT_PROTOTYPES = YES;
				CLANG_WARN_SUSPICIOUS_MOVE = YES;
				CLANG_WARN_UNGUARDED_AVAILABILITY = YES_AGGRESSIVE;
				CLANG_WARN_UNREACHABLE_CODE = YES;
				CLANG_WARN__DUPLICATE_METHOD_MATCH = YES;
				CODE_SIGN_IDENTITY = "iPhone Developer";
				COPY_PHASE_STRIP = NO;
				DEBUG_INFORMATION_FORMAT = "dwarf-with-dsym";
				ENABLE_NS_ASSERTIONS = NO;
				ENABLE_STRICT_OBJC_MSGSEND = YES;
				GCC_C_LANGUAGE_STANDARD = gnu11;
				GCC_NO_COMMON_BLOCKS = YES;
				GCC_WARN_64_TO_32_BIT_CONVERSION = YES;
				GCC_WARN_ABOUT_RETURN_TYPE = YES_ERROR;
				GCC_WARN_UNDECLARED_SELECTOR = YES;
				GCC_WARN_UNINITIALIZED_AUTOS = YES_AGGRESSIVE;
				GCC_WARN_UNUSED_FUNCTION = YES;
				GCC_WARN_UNUSED_VARIABLE = YES;
				IPHONEOS_DEPLOYMENT_TARGET = 11.2;
				MTL_ENABLE_DEBUG_INFO = NO;
				SDKROOT = iphoneos;
				SWIFT_OPTIMIZATION_LEVEL = "-Owholemodule";
				VALIDATE_PRODUCT = YES;
			};
			name = Release;
		};
		1091E219203E838500C282BA /* Debug */ = {
			isa = XCBuildConfiguration;
			baseConfigurationReference = ACBE2805777E97999396C651 /* Pods-Prism.debug.xcconfig */;
			buildSettings = {
				ASSETCATALOG_COMPILER_APPICON_NAME = AppIcon;
				CODE_SIGN_STYLE = Automatic;
				DEVELOPMENT_TEAM = 9UKK4P6858;
				INFOPLIST_FILE = Prism/Info.plist;
				IPHONEOS_DEPLOYMENT_TARGET = 11.0;
				LD_RUNPATH_SEARCH_PATHS = "$(inherited) @executable_path/Frameworks";
				PRODUCT_BUNDLE_IDENTIFIER = com.shiv.Prism;
				PRODUCT_NAME = "$(TARGET_NAME)";
				SWIFT_VERSION = 4.0;
				TARGETED_DEVICE_FAMILY = "1,2";
			};
			name = Debug;
		};
		1091E21A203E838500C282BA /* Release */ = {
			isa = XCBuildConfiguration;
			baseConfigurationReference = FB8BC78859E5DF127678D11F /* Pods-Prism.release.xcconfig */;
			buildSettings = {
				ASSETCATALOG_COMPILER_APPICON_NAME = AppIcon;
				CODE_SIGN_STYLE = Automatic;
				DEVELOPMENT_TEAM = 9UKK4P6858;
				INFOPLIST_FILE = Prism/Info.plist;
				IPHONEOS_DEPLOYMENT_TARGET = 11.0;
				LD_RUNPATH_SEARCH_PATHS = "$(inherited) @executable_path/Frameworks";
				PRODUCT_BUNDLE_IDENTIFIER = com.shiv.Prism;
				PRODUCT_NAME = "$(TARGET_NAME)";
				SWIFT_VERSION = 4.0;
				TARGETED_DEVICE_FAMILY = "1,2";
			};
			name = Release;
		};
		1091E21C203E838500C282BA /* Debug */ = {
			isa = XCBuildConfiguration;
			baseConfigurationReference = 5C04D5E0B49BD9CB9E071F02 /* Pods-PrismTests.debug.xcconfig */;
			buildSettings = {
				ALWAYS_EMBED_SWIFT_STANDARD_LIBRARIES = YES;
				BUNDLE_LOADER = "$(TEST_HOST)";
				CODE_SIGN_STYLE = Automatic;
				DEVELOPMENT_TEAM = TEGLEE3UYA;
				INFOPLIST_FILE = PrismTests/Info.plist;
				LD_RUNPATH_SEARCH_PATHS = "$(inherited) @executable_path/Frameworks @loader_path/Frameworks";
				PRODUCT_BUNDLE_IDENTIFIER = satishboggarapu.PrismTests;
				PRODUCT_NAME = "$(TARGET_NAME)";
				SWIFT_VERSION = 4.0;
				TARGETED_DEVICE_FAMILY = "1,2";
				TEST_HOST = "$(BUILT_PRODUCTS_DIR)/Prism.app/Prism";
			};
			name = Debug;
		};
		1091E21D203E838500C282BA /* Release */ = {
			isa = XCBuildConfiguration;
			baseConfigurationReference = 570B94E1B88EBFA96F19DD07 /* Pods-PrismTests.release.xcconfig */;
			buildSettings = {
				ALWAYS_EMBED_SWIFT_STANDARD_LIBRARIES = YES;
				BUNDLE_LOADER = "$(TEST_HOST)";
				CODE_SIGN_STYLE = Automatic;
				DEVELOPMENT_TEAM = TEGLEE3UYA;
				INFOPLIST_FILE = PrismTests/Info.plist;
				LD_RUNPATH_SEARCH_PATHS = "$(inherited) @executable_path/Frameworks @loader_path/Frameworks";
				PRODUCT_BUNDLE_IDENTIFIER = satishboggarapu.PrismTests;
				PRODUCT_NAME = "$(TARGET_NAME)";
				SWIFT_VERSION = 4.0;
				TARGETED_DEVICE_FAMILY = "1,2";
				TEST_HOST = "$(BUILT_PRODUCTS_DIR)/Prism.app/Prism";
			};
			name = Release;
		};
		1091E21F203E838500C282BA /* Debug */ = {
			isa = XCBuildConfiguration;
			baseConfigurationReference = 83B276D149C91BCA4DD8A4B9 /* Pods-PrismUITests.debug.xcconfig */;
			buildSettings = {
				ALWAYS_EMBED_SWIFT_STANDARD_LIBRARIES = YES;
				CODE_SIGN_STYLE = Automatic;
				DEVELOPMENT_TEAM = TEGLEE3UYA;
				INFOPLIST_FILE = PrismUITests/Info.plist;
				LD_RUNPATH_SEARCH_PATHS = "$(inherited) @executable_path/Frameworks @loader_path/Frameworks";
				PRODUCT_BUNDLE_IDENTIFIER = satishboggarapu.PrismUITests;
				PRODUCT_NAME = "$(TARGET_NAME)";
				SWIFT_VERSION = 4.0;
				TARGETED_DEVICE_FAMILY = "1,2";
				TEST_TARGET_NAME = Prism;
			};
			name = Debug;
		};
		1091E220203E838500C282BA /* Release */ = {
			isa = XCBuildConfiguration;
			baseConfigurationReference = 73F31C4B9B92F692DA9C08D8 /* Pods-PrismUITests.release.xcconfig */;
			buildSettings = {
				ALWAYS_EMBED_SWIFT_STANDARD_LIBRARIES = YES;
				CODE_SIGN_STYLE = Automatic;
				DEVELOPMENT_TEAM = TEGLEE3UYA;
				INFOPLIST_FILE = PrismUITests/Info.plist;
				LD_RUNPATH_SEARCH_PATHS = "$(inherited) @executable_path/Frameworks @loader_path/Frameworks";
				PRODUCT_BUNDLE_IDENTIFIER = satishboggarapu.PrismUITests;
				PRODUCT_NAME = "$(TARGET_NAME)";
				SWIFT_VERSION = 4.0;
				TARGETED_DEVICE_FAMILY = "1,2";
				TEST_TARGET_NAME = Prism;
			};
			name = Release;
		};
/* End XCBuildConfiguration section */

/* Begin XCConfigurationList section */
		1091E1EB203E838500C282BA /* Build configuration list for PBXProject "Prism" */ = {
			isa = XCConfigurationList;
			buildConfigurations = (
				1091E216203E838500C282BA /* Debug */,
				1091E217203E838500C282BA /* Release */,
			);
			defaultConfigurationIsVisible = 0;
			defaultConfigurationName = Release;
		};
		1091E218203E838500C282BA /* Build configuration list for PBXNativeTarget "Prism" */ = {
			isa = XCConfigurationList;
			buildConfigurations = (
				1091E219203E838500C282BA /* Debug */,
				1091E21A203E838500C282BA /* Release */,
			);
			defaultConfigurationIsVisible = 0;
			defaultConfigurationName = Release;
		};
		1091E21B203E838500C282BA /* Build configuration list for PBXNativeTarget "PrismTests" */ = {
			isa = XCConfigurationList;
			buildConfigurations = (
				1091E21C203E838500C282BA /* Debug */,
				1091E21D203E838500C282BA /* Release */,
			);
			defaultConfigurationIsVisible = 0;
			defaultConfigurationName = Release;
		};
		1091E21E203E838500C282BA /* Build configuration list for PBXNativeTarget "PrismUITests" */ = {
			isa = XCConfigurationList;
			buildConfigurations = (
				1091E21F203E838500C282BA /* Debug */,
				1091E220203E838500C282BA /* Release */,
			);
			defaultConfigurationIsVisible = 0;
			defaultConfigurationName = Release;
		};
/* End XCConfigurationList section */
	};
	rootObject = 1091E1E8203E838500C282BA /* Project object */;
}
